
Microsoft Visual Studio Solution File, Format Version 12.00
# Visual Studio Version 16
VisualStudioVersion = 16.0.31729.503
MinimumVisualStudioVersion = 10.0.40219.1
Project("{FAE04EC0-301F-11D3-BF4B-00C04F79EFBC}") = "Assignment_3", "Assignment_3\Assignment_3.csproj", "{31B4FAF1-23CA-4462-813B-69DC2A3F450D}"
EndProject
Project("{9A19103F-16F7-4668-BE54-9A1E7A4F7556}") = "AssignmentLib_3", "..\AssignmentLib_3\AssignmentLib_3\AssignmentLib_3.csproj", "{62E23972-F3FF-4818-B160-40796E40685B}"
EndProject
Global
	GlobalSection(SolutionConfigurationPlatforms) = preSolution
		Debug|Any CPU = Debug|Any CPU
		Release|Any CPU = Release|Any CPU
	EndGlobalSection
	GlobalSection(ProjectConfigurationPlatforms) = postSolution
		{31B4FAF1-23CA-4462-813B-69DC2A3F450D}.Debug|Any CPU.ActiveCfg = Debug|Any CPU
		{31B4FAF1-23CA-4462-813B-69DC2A3F450D}.Debug|Any CPU.Build.0 = Debug|Any CPU
		{31B4FAF1-23CA-4462-813B-69DC2A3F450D}.Release|Any CPU.ActiveCfg = Release|Any CPU
		{31B4FAF1-23CA-4462-813B-69DC2A3F450D}.Release|Any CPU.Build.0 = Release|Any CPU
		{62E23972-F3FF-4818-B160-40796E40685B}.Debug|Any CPU.ActiveCfg = Debug|Any CPU
		{62E23972-F3FF-4818-B160-40796E40685B}.Debug|Any CPU.Build.0 = Debug|Any CPU
		{62E23972-F3FF-4818-B160-40796E40685B}.Release|Any CPU.ActiveCfg = Release|Any CPU
		{62E23972-F3FF-4818-B160-40796E40685B}.Release|Any CPU.Build.0 = Release|Any CPU
	EndGlobalSection
	GlobalSection(SolutionProperties) = preSolution
		HideSolutionNode = FALSE
	EndGlobalSection
	GlobalSection(ExtensibilityGlobals) = postSolution
		SolutionGuid = {D0CF7F9D-A8BD-4428-AE08-E6EE80E817D8}
	EndGlobalSection
EndGlobal
